
Microsoft Visual Studio Solution File, Format Version 12.00
# Visual Studio Version 17
VisualStudioVersion = 17.5.33516.290
MinimumVisualStudioVersion = 10.0.40219.1
Project("{9A19103F-16F7-4668-BE54-9A1E7A4F7556}") = "Control_Panel", "Control_Panel\Control_Panel.csproj", "{2F46F676-1C58-4C3A-949E-81C8C482FA1D}"
EndProject
Project("{9A19103F-16F7-4668-BE54-9A1E7A4F7556}") = "SharedLibrary", "SharedLibrary\SharedLibrary.csproj", "{3CA5A16A-45E3-4162-B205-F27AF0C1EB8D}"
EndProject
Project("{9A19103F-16F7-4668-BE54-9A1E7A4F7556}") = "Fan_Device", "Fan_Device\Fan_Device.csproj", "{A640A032-07AA-4735-AA20-BAF176746796}"
EndProject
Project("{9A19103F-16F7-4668-BE54-9A1E7A4F7556}") = "Lamp_Device", "Lamp_Device\Lamp_Device.csproj", "{1DA3E26A-41AB-4EEC-8AB2-0C9A5055C4BB}"
EndProject
Project("{9A19103F-16F7-4668-BE54-9A1E7A4F7556}") = "Printer_Device", "Printer_Device\Printer_Device.csproj", "{71EAA3FF-DDE8-4D3A-B0C5-1B1C48BEA400}"
EndProject
Project("{9A19103F-16F7-4668-BE54-9A1E7A4F7556}") = "AzureFunctions", "AzureFunctions\AzureFunctions.csproj", "{79C5E04F-5A58-4305-B8C9-A019629C6F4C}"
EndProject
Global
	GlobalSection(SolutionConfigurationPlatforms) = preSolution
		Debug|Any CPU = Debug|Any CPU
		Release|Any CPU = Release|Any CPU
	EndGlobalSection
	GlobalSection(ProjectConfigurationPlatforms) = postSolution
		{2F46F676-1C58-4C3A-949E-81C8C482FA1D}.Debug|Any CPU.ActiveCfg = Debug|Any CPU
		{2F46F676-1C58-4C3A-949E-81C8C482FA1D}.Debug|Any CPU.Build.0 = Debug|Any CPU
		{2F46F676-1C58-4C3A-949E-81C8C482FA1D}.Release|Any CPU.ActiveCfg = Release|Any CPU
		{2F46F676-1C58-4C3A-949E-81C8C482FA1D}.Release|Any CPU.Build.0 = Release|Any CPU
		{3CA5A16A-45E3-4162-B205-F27AF0C1EB8D}.Debug|Any CPU.ActiveCfg = Debug|Any CPU
		{3CA5A16A-45E3-4162-B205-F27AF0C1EB8D}.Debug|Any CPU.Build.0 = Debug|Any CPU
		{3CA5A16A-45E3-4162-B205-F27AF0C1EB8D}.Release|Any CPU.ActiveCfg = Release|Any CPU
		{3CA5A16A-45E3-4162-B205-F27AF0C1EB8D}.Release|Any CPU.Build.0 = Release|Any CPU
		{A640A032-07AA-4735-AA20-BAF176746796}.Debug|Any CPU.ActiveCfg = Debug|Any CPU
		{A640A032-07AA-4735-AA20-BAF176746796}.Debug|Any CPU.Build.0 = Debug|Any CPU
		{A640A032-07AA-4735-AA20-BAF176746796}.Release|Any CPU.ActiveCfg = Release|Any CPU
		{A640A032-07AA-4735-AA20-BAF176746796}.Release|Any CPU.Build.0 = Release|Any CPU
		{1DA3E26A-41AB-4EEC-8AB2-0C9A5055C4BB}.Debug|Any CPU.ActiveCfg = Debug|Any CPU
		{1DA3E26A-41AB-4EEC-8AB2-0C9A5055C4BB}.Debug|Any CPU.Build.0 = Debug|Any CPU
		{1DA3E26A-41AB-4EEC-8AB2-0C9A5055C4BB}.Release|Any CPU.ActiveCfg = Release|Any CPU
		{1DA3E26A-41AB-4EEC-8AB2-0C9A5055C4BB}.Release|Any CPU.Build.0 = Release|Any CPU
		{71EAA3FF-DDE8-4D3A-B0C5-1B1C48BEA400}.Debug|Any CPU.ActiveCfg = Debug|Any CPU
		{71EAA3FF-DDE8-4D3A-B0C5-1B1C48BEA400}.Debug|Any CPU.Build.0 = Debug|Any CPU
		{71EAA3FF-DDE8-4D3A-B0C5-1B1C48BEA400}.Release|Any CPU.ActiveCfg = Release|Any CPU
		{71EAA3FF-DDE8-4D3A-B0C5-1B1C48BEA400}.Release|Any CPU.Build.0 = Release|Any CPU
		{79C5E04F-5A58-4305-B8C9-A019629C6F4C}.Debug|Any CPU.ActiveCfg = Debug|Any CPU
		{79C5E04F-5A58-4305-B8C9-A019629C6F4C}.Debug|Any CPU.Build.0 = Debug|Any CPU
		{79C5E04F-5A58-4305-B8C9-A019629C6F4C}.Release|Any CPU.ActiveCfg = Release|Any CPU
		{79C5E04F-5A58-4305-B8C9-A019629C6F4C}.Release|Any CPU.Build.0 = Release|Any CPU
	EndGlobalSection
	GlobalSection(SolutionProperties) = preSolution
		HideSolutionNode = FALSE
	EndGlobalSection
	GlobalSection(ExtensibilityGlobals) = postSolution
		SolutionGuid = {7710B365-F199-472A-B4E3-A15B1B8E0B42}
	EndGlobalSection
EndGlobal
