
Microsoft Visual Studio Solution File, Format Version 12.00
# Visual Studio Version 17
VisualStudioVersion = 17.5.33516.290
MinimumVisualStudioVersion = 10.0.40219.1
Project("{FAE04EC0-301F-11D3-BF4B-00C04F79EFBC}") = "Control_Panel", "Control_Panel\Control_Panel.csproj", "{2F46F676-1C58-4C3A-949E-81C8C482FA1D}"
EndProject
Project("{FAE04EC0-301F-11D3-BF4B-00C04F79EFBC}") = "SharedLibrary", "SharedLibrary\SharedLibrary.csproj", "{3CA5A16A-45E3-4162-B205-F27AF0C1EB8D}"
EndProject
Global
	GlobalSection(SolutionConfigurationPlatforms) = preSolution
		Debug|Any CPU = Debug|Any CPU
		Release|Any CPU = Release|Any CPU
	EndGlobalSection
	GlobalSection(ProjectConfigurationPlatforms) = postSolution
		{2F46F676-1C58-4C3A-949E-81C8C482FA1D}.Debug|Any CPU.ActiveCfg = Debug|Any CPU
		{2F46F676-1C58-4C3A-949E-81C8C482FA1D}.Debug|Any CPU.Build.0 = Debug|Any CPU
		{2F46F676-1C58-4C3A-949E-81C8C482FA1D}.Release|Any CPU.ActiveCfg = Release|Any CPU
		{2F46F676-1C58-4C3A-949E-81C8C482FA1D}.Release|Any CPU.Build.0 = Release|Any CPU
		{3CA5A16A-45E3-4162-B205-F27AF0C1EB8D}.Debug|Any CPU.ActiveCfg = Debug|Any CPU
		{3CA5A16A-45E3-4162-B205-F27AF0C1EB8D}.Debug|Any CPU.Build.0 = Debug|Any CPU
		{3CA5A16A-45E3-4162-B205-F27AF0C1EB8D}.Release|Any CPU.ActiveCfg = Release|Any CPU
		{3CA5A16A-45E3-4162-B205-F27AF0C1EB8D}.Release|Any CPU.Build.0 = Release|Any CPU
	EndGlobalSection
	GlobalSection(SolutionProperties) = preSolution
		HideSolutionNode = FALSE
	EndGlobalSection
	GlobalSection(ExtensibilityGlobals) = postSolution
		SolutionGuid = {7710B365-F199-472A-B4E3-A15B1B8E0B42}
	EndGlobalSection
EndGlobal
